<Solution>
  <Folder Name="/.Root/">
    <File Path="../.gitignore" />
    <File Path="../README.md" />
    <File Path="../version.json" />
  </Folder>
  <Folder Name="/.Root/src/">
    <File Path="Directory.Build.props" />
    <File Path="Directory.Build.targets" />
  </Folder>
  <Folder Name="/Apps/Aspire/">
    <Project Path="Apps/Aspire/Aspire.AppHost.csproj" />
  </Folder>
  <Folder Name="/Apps/Config/">
    <Project Path="Apps/Config/Apps.Config.csproj" />
  </Folder>
  <Folder Name="/Apps/Admin/">
    <Project Path="Apps/Admin/Admin.csproj" />
  </Folder>
  <Folder Name="/Apps/ToDoSystem/">
    <Project Path="Apps/ToDoSystem/Core/ToDoSystem.Core.csproj" />
    <Project Path="Apps/ToDoSystem/Infra/ToDoSystem.Infra.csproj" />
  </Folder>
  <Folder Name="/Apps/ToDoSystem/UI/">
    <Project Path="Apps/ToDoSystem/UI/ToDoSystem.UI.Api/ToDoSystem.UI.Api.csproj" />
    <Project Path="Apps/ToDoSystem/UI/ToDoSystem.UI.Migrations.Postgres/ToDoSystem.UI.Migrations.Postgres.csproj" />
    <Project Path="Apps/ToDoSystem/UI/ToDoSystem.UI.Migrations.Sqlite/ToDoSystem.UI.Migrations.Sqlite.csproj" />
  </Folder>
  <Folder Name="/Apps/ToDoSystem/Worker/">
    <Project Path="Apps/ToDoSystem/Worker/ToDoSystem.Worker.Dashboard/ToDoSystem.Worker.Dashboard.csproj" />
    <Project Path="Apps/ToDoSystem/Worker/ToDoSystem.Worker.Executor/ToDoSystem.Worker.Executor.csproj" />
    <Project Path="Apps/ToDoSystem/Worker/ToDoSystem.Worker.Jobs/ToDoSystem.Worker.Jobs.csproj" />
    <Project Path="Apps/ToDoSystem/Worker/ToDoSystem.Worker.Scheduler/ToDoSystem.Worker.Scheduler.csproj" />
  </Folder>
  <Folder Name="/Apps/Databases/" />
  <Folder Name="/Apps/Databases/Core/">
    <Project Path="Apps/Databases/Core/SqliteBrowser.Core/SqliteBrowser.Core.csproj" />
  </Folder>
  <Folder Name="/Apps/Databases/Infra/">
    <Project Path="Apps/Databases/Infra/SqliteBrowser.Infra/SqliteBrowser.Infra.csproj" />
  </Folder>
  <Folder Name="/Apps/Databases/UI/">
    <Project Path="Apps/Databases/UI/SqliteBrowser.UI.Api/SqliteBrowser.UI.Api.csproj" />
    <Project Path="Apps/Databases/UI/SqliteBrowser.UI.Web/SqliteBrowser.UI.Web.csproj" />
    <Project Path="Apps/Databases/UI/SqliteBrowser.UI/SqliteBrowser.UI.csproj" />
  </Folder>
  <Folder Name="/Shared/Core/">
    <Project Path="Shared/Core/Shared.Core/Shared.Core.csproj" />
  </Folder>
  <Folder Name="/Shared/Infra/Module/">
    <Project Path="Shared/Infra/Module/Shared.Infra.Module.Base/Shared.Infra.Module.Base.csproj" />
    <Project Path="Shared/Infra/Module/Shared.Infra.Module.EntityFramework/Shared.Infra.Module.EntityFramework.csproj" />
    <Project Path="Shared/Infra/Module/Shared.Infra.Module.Observability.Logging/Shared.Infra.Module.Observability.Logging.csproj" />
    <Project Path="Shared/Infra/Module/Shared.Infra.Module.Observability.OpenTelemetry/Shared.Infra.Module.Observability.OpenTelemetry.csproj" />
    <Project Path="Shared/Infra/Module/Shared.Infra.Module.ServiceScan/Shared.Infra.Module.ServiceScan.csproj" />
    <Project Path="Shared/Infra/Module/Shared.Infra.Module.Hangfire/Shared.Infra.Module.Hangfire.csproj" />
  </Folder>
  <Folder Name="/Shared/UI/">
    <Project Path="Shared/UI/Shared.UI.Api.Base/Shared.UI.Api.Base.csproj" />
  </Folder>
</Solution>
